
Microsoft Visual Studio Solution File, Format Version 11.00
# Visual Studio 2010
Project("{FAE04EC0-301F-11D3-BF4B-00C04F79EFBC}") = "Interactive", "Assembly-CSharp.csproj", "{CDA7A6D4-15FB-E8BB-6C32-E36D82C01DCD}"
EndProject
Project("{FAE04EC0-301F-11D3-BF4B-00C04F79EFBC}") = "Interactive", "Assembly-CSharp-Editor.csproj", "{0D0B16F5-E3C6-5EA3-33CA-63BA78B1866B}"
EndProject
Global
	GlobalSection(SolutionConfigurationPlatforms) = preSolution
		Debug|Any CPU = Debug|Any CPU
		Release|Any CPU = Release|Any CPU
	EndGlobalSection
	GlobalSection(ProjectConfigurationPlatforms) = postSolution
		{CDA7A6D4-15FB-E8BB-6C32-E36D82C01DCD}.Debug|Any CPU.ActiveCfg = Debug|Any CPU
		{CDA7A6D4-15FB-E8BB-6C32-E36D82C01DCD}.Debug|Any CPU.Build.0 = Debug|Any CPU
		{CDA7A6D4-15FB-E8BB-6C32-E36D82C01DCD}.Release|Any CPU.ActiveCfg = Release|Any CPU
		{CDA7A6D4-15FB-E8BB-6C32-E36D82C01DCD}.Release|Any CPU.Build.0 = Release|Any CPU
		{0D0B16F5-E3C6-5EA3-33CA-63BA78B1866B}.Debug|Any CPU.ActiveCfg = Debug|Any CPU
		{0D0B16F5-E3C6-5EA3-33CA-63BA78B1866B}.Debug|Any CPU.Build.0 = Debug|Any CPU
		{0D0B16F5-E3C6-5EA3-33CA-63BA78B1866B}.Release|Any CPU.ActiveCfg = Release|Any CPU
		{0D0B16F5-E3C6-5EA3-33CA-63BA78B1866B}.Release|Any CPU.Build.0 = Release|Any CPU
	EndGlobalSection
	GlobalSection(SolutionProperties) = preSolution
		HideSolutionNode = FALSE
	EndGlobalSection
	GlobalSection(MonoDevelopProperties) = preSolution
		StartupItem = Assembly-CSharp.csproj
	EndGlobalSection
EndGlobal
